post:
  tags:
  - User
  x-apidog-folder: User
  operationId: lockUser
  security:
    - BearerAuth: []
  summary: Lock user
  description: |-
    Chỉ admin; yêu cầu access token. Khóa tài khoản, thu hồi phiên và ghi audit log. Nghiệp vụ: Khi khóa chủ trọ, toàn bộ thông tin/phòng của chủ trọ sẽ bị vô hiệu hóa (ẩn khỏi sàn), hợp đồng đang hiệu lực chuyển sang trạng thái tạm thời kết thúc (nếu đến hạn chưa mở khóa thì tự hủy). Khi khóa người thuê, người thuê vẫn được thanh toán hóa đơn hợp đồng hiện tại, nhưng không thể gia hạn và không thể thuê trọ mới.log.

    ### Sequence diagram — Lock user

    Luồng theo kiến trúc microservice: identity-service sở hữu nghiệp vụ và identity_db.

    [🔍 Zoom diagram — xem toàn màn hình](https://mermaid.live/view#pako:eNq1WFtvG8cV_isH7AuNkqDtOgXCtgZWIi0zknalJeXYgQBiuDviDrjcYXZnGROGH4I8GEVRtEIeiiAIakEQjCQNZDcFgpAo_EDB_2P_Sc-ZWVK8uW0Qxw-kuHPmXL7zncv6ScGTPi9UCwn_OOWRx2uCdWPWP44A_7FUySjtd3hsfg9YrIQnBixSsA0sge1QcPy7-CHvQAX2ZUeE_Ma67A7JWgcN2GGKf8JG6xIuSTR5PBQeB5d3RaLiDWJNEhM-2hRqVE6M_LpYjcQOZKK6MW8e7s1vtP3OurBDwk6qOvIxfCLjHo-hOLuwIZZDEndZpyPU_uH6sU3Hikcs8v6Lg_aqh_mNuYPb5bt3d6pw4DRbUGEDURneqqSoLqk8oa-G_7QSSq_3-05cubsl_VEV6KfLWSIjo2HHaNjJxpcReDKOeciUkFFZ-CXoiWzyWR9UzCDGlEAo-kKZe52Ysx48ePMym5wr6KLglwKCbHwWwWj6TQpeNn6RGlFjBu1sV-HO7feh2HKc9r5lP2q79cOjerPVzPHjkb_k1AMei5MRfPBhC9VNLjzoZJMv8GP8Kuri090meMwL-KJDlufxBJGVPR6BCkQ2fp2WIGHom8zGP3jk4mtlHN3g3c1bUDyyraPWfcdtfFSvbXLMrUILAUGPvk5BRInCjPA1tkHAWaiCnJxu2UR09dds8ie8G2STP87vXqtuVmE7SEcIOjpPvg8gpoJLVAmDmf4Lw1YigsfTMw9_Z5NXXmklZzCcPoeH5bxEyi3CwehvGv0bMf3Ve-__DpJ0hFkG5ikZg8om34IXMtFHFlxbNqQCX-KZLmmUewXd6dmykd1r3nzQdOxKB6lXQmaroES4-Fg7KuCoREYo4y1R6m0XKIfedAyDYHo2qFydIpBRAD4lsjtLbp5wrQNIB5HlUkEnxSC963w383TcuXkTig37gbXXqLX1pQrMfubcbG85tUcLjw-s1n38cK39eqvuLhzcr1s1_WDLml--sU6x1fwOkIrnERJy8rmAMJv8TaxQbpY3FgqfavBE8NA38CVI_j4raY6ImPuVKA1D1gl5hWM71kk1eUTtpyK_GXXl9LmAWsvBxApgvi-IOyw8iOWAY-_hyR9OWJgslVUtm1xi9WeTZ-mMDlen0zF-GR9mCYinz_GZgRvTT93hq6i7Afjbt6GocbNaDcdu37Mae_Nq-9lw1Uyh_dnTfNUloWJDFKyiMwGKEOiRz-c5cWtlA_NioHlMPd0xPk5ReF4K03_0qQDHF6NFlHbXTo2lqJtiT8QYYonHFMJZH4boRowlh43yu8Emat6BoltvOkfudr1tO632PefIrr1DRlm60EMEh_l9EWm6aLy84M1LpgcF9_XT65lBWs8HpPWZ0WVLpKQc4q1mCWHfe_MSW79GYUggekCF-jlxglr3cPpPzRxkhchtTX8kxGIWJdgHkIeGtWbMweNs8h16-G8y-2KUG59pxO_x6yifOZGu-5BFfihjPw_h6lSPJw_62eTvlLvv2YZ05USOZcjnKTcn3vR7zDuC-ynlTmdwIZ2bcvYbKN5z3K1GrVa330Wq8ikrZqS5OkVUP031YH4WrbA6d95foDB6_aMJ8XxhmG_yHMfyUbPutq09FxvZo_aes737bipyNQZEFNvS-NJDIANycwBDnEQ0jl4wujaQAidLwlLdoBZ2kIXI3tJSyGtsvha2ct2DG269hi35l-w0W_Wdhr3I4KXTuVbN9oRhMkxhlSCkWrkurYp5bulRn-Z2B4Eg2lEH61KzTrFZ453uko3_UXQdzV-E-FJTeqXelr119vcbrbd3RM0j8ntz8RNIWImTL4S2XKWaCjvM6y0azGvTk33cJaFoChcr7UZJ0_kc3sOh3LBxuNrWXhsp-QBZWXddx0XmMOguvhrMcn8br2j2GtbCrwFHJTNDEgfdbMHanGhcwlSalMy-QEi_fUO5Dtgp2Rjxw1l_wjXjQi3DTvw1QeqWdr_VOpj3FUzuV6Q6SfuoK8CBHFFJXORmnKUZtpRZA14X7Yp8nEj9SrKQMwdD_P878Hpgh1WoD2m3o_bH6a8GslV6XoqLpuanmfm4SSaYz6UNtOFfR4B6DtJOKJLgp_tzmAeSK6BBIaMTEfeXAHqIDR03Qdw-9SJ4kVIesGapVDRVNU4LGm2kMw8FxfkTXIIiU-UQi1SVJa7ree-wSR86YS9Nnipk46-jhWW9gvsq6ethzv8iIKFU64VE90KzW6D02FuZbpp9cYozSc8t_QZnTOnhqKpY0eNvqZokyjJEQEkEYkVLkM8JNCZKxLvxDwiPYPnU1I4E6fQbmpBf5kjZtRlUq5Vv6DwL36TY2t7dSKGtWNIrsm6cVf1-eJlTVTv3Wc7hkDzTBTIvh_xKzPHVHm4l2L7v0Met3yYQ66ZY2zsslAoo2mfCL1QLT44LiFafHxeqcFzw-QlLQ3VceIpC6YB25vw_KwpVXLh4qRDLtBsUqnrJLRXwRfsjKfPDp_8B8F2Avw)

    ```mermaid
    sequenceDiagram
        autonumber
        participant C as Client (Web / Mobile)
        participant G as API Gateway
        participant R as Service Registry
        participant S as identity-service
        participant D as PostgreSQL identity_db
        participant O as Outbox worker (identity)
        participant Q as RabbitMQ
        participant N as tenancy-service
        participant ND as PostgreSQL tenancy_db
        C->>G: POST /api/v1/users/{userId}/lock<br/>Body: lockReason
        G->>G: Gắn correlation-id, kiểm tra rate limit
        break Vượt giới hạn yêu cầu
            G-->>C: 429 (TOO_MANY_REQUESTS)
        end
        G->>G: Verify JWT cục bộ bằng JWKS cache
        break Access token thiếu, sai hoặc hết hạn
            G-->>C: 401 (UNAUTHORIZED)
        end
        G->>R: Tra cứu instance identity-service healthy
        R-->>G: Địa chỉ instance
        G->>S: Chuyển tiếp request, thông tin xác thực, correlation-id và X-Service-Token
        S->>S: Verify JWT cục bộ#59; suy ra actor từ claim, không tin userId do client tự gán
        S->>S: Kiểm tra JSON/body, path, header theo contract
        break JSON/body, path, header sai cú pháp/định dạng hoặc thiếu JSON body bắt buộc
            S-->>G: 400 (INVALID_JSON / INVALID_REQUEST_BODY / INVALID_PATH_PARAMETER / INVALID_HEADER / BAD_REQUEST)
            G-->>C: Chuyển tiếp phản hồi lỗi
        end
        S->>S: Validate field theo schema, required/nullable/enum#59; từ chối field ngoài DTO khi additionalProperties=false
        break Dữ liệu không đúng schema hoặc ràng buộc trường
            S-->>G: 422 (VALIDATION_FAILED)
            G-->>C: Chuyển tiếp phản hồi lỗi
        end
        S->>D: Đọc user và trạng thái tài khoản
        D-->>S: Dữ liệu hoặc kết quả không tìm thấy
        break Không tìm thấy tài nguyên trong phạm vi truy cập
            S-->>G: 404 (RESOURCE_NOT_FOUND)
            G-->>C: Chuyển tiếp phản hồi lỗi
        end
        S->>S: Actor là admin#59; user chưa locked#59; lockReason hợp lệ
        Note over S,D: Lưu công việc đồng bộ vòng đời user cùng transaction#59; tenancy xử lý hủy hợp đồng đến hạn nếu landlord chưa được mở khóa
        break Không đúng role hoặc không có quyền trên tài nguyên
            S-->>G: 403 (FORBIDDEN)
            G-->>C: Chuyển tiếp phản hồi lỗi
        end
        break Vi phạm điều kiện trạng thái hoặc dữ liệu trùng đã kiểm tra
            S-->>G: 409 (USER_ALREADY_LOCKED)
            G-->>C: Chuyển tiếp phản hồi lỗi
        end
        break Vi phạm quy tắc nghiệp vụ của endpoint sau khi kiểm tra dữ liệu
            S-->>G: 422 (LOCK_REASON_REQUIRED / VALIDATION_FAILED)
            G-->>C: Chuyển tiếp phản hồi lỗi
        end
        S->>D: BEGIN transaction
        S->>D: Chuyển user sang locked, lưu lockReason/lockedAt, thu hồi phiên và ghi audit log
        S->>D: Lưu công việc đồng bộ bền vững cùng transaction
        S->>D: COMMIT
        D-->>S: Dữ liệu đã lưu
        Note over S,D: Lỗi nội bộ: rollback transaction chưa commit (nếu có), trả 500 INTERNAL_SERVER_ERROR qua gateway
        S-->>G: 200 USER_LOCKED + data theo DTO
        G-->>C: Chuyển tiếp status, body và header theo contract
        Note over O,ND: Xử lý bất đồng bộ sau commit#59; HTTP không chờ consumer hoàn tất
        O->>D: Đọc công việc chưa gửi trong outbox
        D-->>O: Công việc đồng bộ vòng đời user
        Note over O,Q: Event có eventId, occurredAt, schemaVersion, correlationId
        O->>Q: Publish Công việc đồng bộ vòng đời user
        Q-->>O: Publisher confirm
        O->>D: Xóa/đánh dấu bản ghi đã gửi
        Q-->>N: Deliver Công việc đồng bộ vòng đời user (at-least-once)
        N->>ND: Nếu landlord: ẩn thông tin/phòng khỏi sàn và tạm kết thúc hợp đồng theo rule khóa<br/>Nếu tenant: vẫn cho thanh toán hợp đồng hiện tại, chặn gia hạn và thuê mới
        ND-->>N: Dữ liệu đã commit
        N-->>Q: ACK
        Note over O,Q: Broker lỗi: giữ outbox để gửi lại#59; consumer lỗi: retry 1s / 4s / 16s rồi DLQ
    ```
  parameters:
  - name: userId
    in: path
    required: true
    description: UUID của người dùng.
    schema:
      type: string
      format: uuid
  requestBody:
    required: true
    content:
      application/json:
        schema:
          $ref: ../../openapi.yaml#/components/schemas/UserLockRequestDto
        example:
          lockReason: Spam listing
  responses:
    '200':
      description: User locked
      content:
        application/json:
          schema:
            type: object
            additionalProperties: false
            required:
            - statusCode
            - code
            - data
            properties:
              statusCode:
                type: integer
                enum:
                - 200
              code:
                type: string
                enum:
                - USER_LOCKED
              data:
                $ref: ../../openapi.yaml#/components/schemas/UserLockResponseDto
          example:
            statusCode: 200
            code: USER_LOCKED
            data:
              userId: 3fa85f64-5717-4562-b3fc-2c963f66afa6
              status: locked
              lockReason: Spam listing
              lockedAt: '2026-09-23T11:55:00.000Z'
    '400':
      $ref: ../../openapi.yaml#/components/responses/BadRequestBodyPathError
    '401':
      $ref: ../../openapi.yaml#/components/responses/UnauthorizedError
    '403':
      $ref: ../../openapi.yaml#/components/responses/ForbiddenError
    '404':
      $ref: ../../openapi.yaml#/components/responses/NotFoundError
    '409':
      x-apidog-name: Conflict
      description: Yêu cầu xung đột với trạng thái hiện tại hoặc dữ liệu đã tồn tại.
      content:
        application/json:
          schema:
            type: object
            additionalProperties: false
            required: [statusCode, code]
            properties:
              statusCode:
                type: integer
                enum: [409]
              code:
                type: string
                enum:
                  - USER_ALREADY_LOCKED
                description: |-
                  - USER_ALREADY_LOCKED: Tài khoản đã bị khóa.
          examples:
            user_already_locked:
              summary: USER_ALREADY_LOCKED — Tài khoản đã bị khóa.
              value:
                statusCode: 409
                code: USER_ALREADY_LOCKED
    '422':
      x-apidog-name: Unprocessable Entity
      description: Lý do khóa tài khoản không hợp lệ.
      content:
        application/json:
          schema:
            type: object
            additionalProperties: false
            required: [statusCode, code]
            properties:
              statusCode:
                type: integer
                enum: [422]
              code:
                type: string
                enum:
                  - LOCK_REASON_REQUIRED
                  - VALIDATION_FAILED
                description: |-
                  - LOCK_REASON_REQUIRED: Thiếu lockReason hoặc lockReason là null.
                  - VALIDATION_FAILED: Giá trị lockReason vi phạm ràng buộc khác.
          examples:
            lock_reason_required:
              summary: LOCK_REASON_REQUIRED — Thiếu lockReason hoặc lockReason là null.
              value:
                statusCode: 422
                code: LOCK_REASON_REQUIRED
            validation_failed:
              summary: VALIDATION_FAILED — Giá trị lockReason vi phạm ràng buộc khác.
              value:
                statusCode: 422
                code: VALIDATION_FAILED
    '429':
      $ref: ../../openapi.yaml#/components/responses/TooManyRequestsError
    '500':
      $ref: ../../openapi.yaml#/components/responses/InternalServerError
